
Microsoft Visual Studio Solution File, Format Version 12.00
# Visual Studio Version 17
VisualStudioVersion = 17.6.33717.318
MinimumVisualStudioVersion = 10.0.40219.1
Project("{FAE04EC0-301F-11D3-BF4B-00C04F79EFBC}") = "Fatorial", "Fatorial\Fatorial.csproj", "{30561D54-286A-4223-BDD7-976C553C09A1}"
EndProject
Global
	GlobalSection(SolutionConfigurationPlatforms) = preSolution
		Debug|Any CPU = Debug|Any CPU
		Release|Any CPU = Release|Any CPU
	EndGlobalSection
	GlobalSection(ProjectConfigurationPlatforms) = postSolution
		{30561D54-286A-4223-BDD7-976C553C09A1}.Debug|Any CPU.ActiveCfg = Debug|Any CPU
		{30561D54-286A-4223-BDD7-976C553C09A1}.Debug|Any CPU.Build.0 = Debug|Any CPU
		{30561D54-286A-4223-BDD7-976C553C09A1}.Release|Any CPU.ActiveCfg = Release|Any CPU
		{30561D54-286A-4223-BDD7-976C553C09A1}.Release|Any CPU.Build.0 = Release|Any CPU
	EndGlobalSection
	GlobalSection(SolutionProperties) = preSolution
		HideSolutionNode = FALSE
	EndGlobalSection
	GlobalSection(ExtensibilityGlobals) = postSolution
		SolutionGuid = {BB97939F-A3DA-4027-9CDF-DDAA5CCC94F8}
	EndGlobalSection
EndGlobal
