
Microsoft Visual Studio Solution File, Format Version 12.00
# Visual Studio Version 17
VisualStudioVersion = 17.5.33627.172
MinimumVisualStudioVersion = 10.0.40219.1
Project("{FAE04EC0-301F-11D3-BF4B-00C04F79EFBC}") = "casting", "casting\casting.csproj", "{85F651FF-CAA9-488D-A8D3-BBBE11176E8A}"
EndProject
Global
	GlobalSection(SolutionConfigurationPlatforms) = preSolution
		Debug|Any CPU = Debug|Any CPU
		Release|Any CPU = Release|Any CPU
	EndGlobalSection
	GlobalSection(ProjectConfigurationPlatforms) = postSolution
		{85F651FF-CAA9-488D-A8D3-BBBE11176E8A}.Debug|Any CPU.ActiveCfg = Debug|Any CPU
		{85F651FF-CAA9-488D-A8D3-BBBE11176E8A}.Debug|Any CPU.Build.0 = Debug|Any CPU
		{85F651FF-CAA9-488D-A8D3-BBBE11176E8A}.Release|Any CPU.ActiveCfg = Release|Any CPU
		{85F651FF-CAA9-488D-A8D3-BBBE11176E8A}.Release|Any CPU.Build.0 = Release|Any CPU
	EndGlobalSection
	GlobalSection(SolutionProperties) = preSolution
		HideSolutionNode = FALSE
	EndGlobalSection
	GlobalSection(ExtensibilityGlobals) = postSolution
		SolutionGuid = {6886CA3D-8E50-4C96-9006-309A4C6C1671}
	EndGlobalSection
EndGlobal
