
Microsoft Visual Studio Solution File, Format Version 12.00
# Visual Studio Version 17
VisualStudioVersion = 17.6.33717.318
MinimumVisualStudioVersion = 10.0.40219.1
Project("{FAE04EC0-301F-11D3-BF4B-00C04F79EFBC}") = "ParesConsecutivos", "ParesConsecutivos\ParesConsecutivos.csproj", "{AC891E6F-9E34-445F-A9A0-39294D34B0BD}"
EndProject
Global
	GlobalSection(SolutionConfigurationPlatforms) = preSolution
		Debug|Any CPU = Debug|Any CPU
		Release|Any CPU = Release|Any CPU
	EndGlobalSection
	GlobalSection(ProjectConfigurationPlatforms) = postSolution
		{AC891E6F-9E34-445F-A9A0-39294D34B0BD}.Debug|Any CPU.ActiveCfg = Debug|Any CPU
		{AC891E6F-9E34-445F-A9A0-39294D34B0BD}.Debug|Any CPU.Build.0 = Debug|Any CPU
		{AC891E6F-9E34-445F-A9A0-39294D34B0BD}.Release|Any CPU.ActiveCfg = Release|Any CPU
		{AC891E6F-9E34-445F-A9A0-39294D34B0BD}.Release|Any CPU.Build.0 = Release|Any CPU
	EndGlobalSection
	GlobalSection(SolutionProperties) = preSolution
		HideSolutionNode = FALSE
	EndGlobalSection
	GlobalSection(ExtensibilityGlobals) = postSolution
		SolutionGuid = {C87A0F85-2AC6-4842-BD7C-EAABBB583B9F}
	EndGlobalSection
EndGlobal
