
Microsoft Visual Studio Solution File, Format Version 12.00
# Visual Studio Version 17
VisualStudioVersion = 17.6.33717.318
MinimumVisualStudioVersion = 10.0.40219.1
Project("{FAE04EC0-301F-11D3-BF4B-00C04F79EFBC}") = "Medidas", "Medidas\Medidas.csproj", "{58AD858C-541F-4289-9D6D-72256D5ACFD7}"
EndProject
Global
	GlobalSection(SolutionConfigurationPlatforms) = preSolution
		Debug|Any CPU = Debug|Any CPU
		Release|Any CPU = Release|Any CPU
	EndGlobalSection
	GlobalSection(ProjectConfigurationPlatforms) = postSolution
		{58AD858C-541F-4289-9D6D-72256D5ACFD7}.Debug|Any CPU.ActiveCfg = Debug|Any CPU
		{58AD858C-541F-4289-9D6D-72256D5ACFD7}.Debug|Any CPU.Build.0 = Debug|Any CPU
		{58AD858C-541F-4289-9D6D-72256D5ACFD7}.Release|Any CPU.ActiveCfg = Release|Any CPU
		{58AD858C-541F-4289-9D6D-72256D5ACFD7}.Release|Any CPU.Build.0 = Release|Any CPU
	EndGlobalSection
	GlobalSection(SolutionProperties) = preSolution
		HideSolutionNode = FALSE
	EndGlobalSection
	GlobalSection(ExtensibilityGlobals) = postSolution
		SolutionGuid = {C9ECD3A0-4DDC-4742-9DA6-6ED4C016DA5C}
	EndGlobalSection
EndGlobal
